
Microsoft Visual Studio Solution File, Format Version 12.00
# Visual Studio Version 17
VisualStudioVersion = 17.9.34622.214
MinimumVisualStudioVersion = 10.0.40219.1
Project("{FAE04EC0-301F-11D3-BF4B-00C04F79EFBC}") = "11050_workshop", "11050_workshop\11050_workshop.csproj", "{489684CB-5EE0-4F49-B701-BB07868BA626}"
EndProject
Global
	GlobalSection(SolutionConfigurationPlatforms) = preSolution
		Debug|Any CPU = Debug|Any CPU
		Release|Any CPU = Release|Any CPU
	EndGlobalSection
	GlobalSection(ProjectConfigurationPlatforms) = postSolution
		{489684CB-5EE0-4F49-B701-BB07868BA626}.Debug|Any CPU.ActiveCfg = Debug|Any CPU
		{489684CB-5EE0-4F49-B701-BB07868BA626}.Debug|Any CPU.Build.0 = Debug|Any CPU
		{489684CB-5EE0-4F49-B701-BB07868BA626}.Release|Any CPU.ActiveCfg = Release|Any CPU
		{489684CB-5EE0-4F49-B701-BB07868BA626}.Release|Any CPU.Build.0 = Release|Any CPU
	EndGlobalSection
	GlobalSection(SolutionProperties) = preSolution
		HideSolutionNode = FALSE
	EndGlobalSection
	GlobalSection(ExtensibilityGlobals) = postSolution
		SolutionGuid = {89360995-C6D8-45F8-B702-469B26E4197E}
	EndGlobalSection
EndGlobal
